
Microsoft Visual Studio Solution File, Format Version 12.00
# Visual Studio 15
VisualStudioVersion = 15.0.28307.329
MinimumVisualStudioVersion = 10.0.40219.1
Project("{2150E333-8FDC-42A3-9474-1A3956D46DE8}") = "src", "src", "{997F3ED6-938E-4CE6-8CDA-F9D8BF76379B}"
EndProject
Project("{2150E333-8FDC-42A3-9474-1A3956D46DE8}") = "test", "test", "{9910042C-1813-43E3-83F3-F8ED7A02439E}"
EndProject
Project("{2150E333-8FDC-42A3-9474-1A3956D46DE8}") = "doc", "doc", "{59AC9F7A-B059-4762-88B4-6B7E4D930F11}"
EndProject
Project("{2150E333-8FDC-42A3-9474-1A3956D46DE8}") = "CommonLayer", "CommonLayer", "{F2599488-4C41-45F0-AC95-EFCDA638E7DB}"
EndProject
Project("{9A19103F-16F7-4668-BE54-9A1E7A4F7556}") = "Spike.Utility", "Spike.Utility\Spike.Utility.csproj", "{7DC81F8C-D39F-4926-AFDA-BFF6581D0FF3}"
EndProject
Project("{2150E333-8FDC-42A3-9474-1A3956D46DE8}") = "BusinessLayer", "BusinessLayer", "{442F7AAA-1C10-4774-904E-E6CDEEECC055}"
EndProject
Project("{2150E333-8FDC-42A3-9474-1A3956D46DE8}") = "DataLayer", "DataLayer", "{2611BD96-5F1F-49C7-8633-6FDD4D27A519}"
EndProject
Project("{2150E333-8FDC-42A3-9474-1A3956D46DE8}") = "EntityLayer", "EntityLayer", "{C147EA65-53A4-4B8F-B0CC-612DB2305CEE}"
EndProject
Project("{2150E333-8FDC-42A3-9474-1A3956D46DE8}") = "PresentationLayer", "PresentationLayer", "{4B939F83-E256-4EE4-9D37-C4E6A654B5A5}"
EndProject
Project("{9A19103F-16F7-4668-BE54-9A1E7A4F7556}") = "Spike.Business", "Spike.Business\Spike.Business.csproj", "{1278497B-78A8-4E79-8D7F-8201A4EF68F3}"
EndProject
Project("{9A19103F-16F7-4668-BE54-9A1E7A4F7556}") = "Spike.RedisDB", "Spike.RedisDB\Spike.RedisDB.csproj", "{52745C05-9724-4292-99F7-639FB9DACE2F}"
EndProject
Project("{9A19103F-16F7-4668-BE54-9A1E7A4F7556}") = "Spike.MySQLDB", "Spike.MySQLDB\Spike.MySQLDB.csproj", "{DE8C8D2B-C0EA-471F-91F9-DB25A430586C}"
EndProject
Project("{9A19103F-16F7-4668-BE54-9A1E7A4F7556}") = "Spike.BO", "Spike.BO\Spike.BO.csproj", "{57610DDB-EA59-405D-8079-8C7D25EA22FD}"
EndProject
Project("{9A19103F-16F7-4668-BE54-9A1E7A4F7556}") = "Spike.DTO", "Spike.DTO\Spike.DTO.csproj", "{59CA163D-4785-43E0-93A0-DBC71B30655C}"
EndProject
Project("{9A19103F-16F7-4668-BE54-9A1E7A4F7556}") = "Spike.Entity", "Spike.Entity\Spike.Entity.csproj", "{18B49C34-EAD3-4F06-AB8F-FA75BC74AB7D}"
EndProject
Project("{FAE04EC0-301F-11D3-BF4B-00C04F79EFBC}") = "Spike.Api", "Spike.Api\Spike.Api.csproj", "{99F1D1AC-81A8-4297-8F7E-76128C256521}"
EndProject
Project("{FAE04EC0-301F-11D3-BF4B-00C04F79EFBC}") = "Spike.IBusiness", "Spike.IBusiness\Spike.IBusiness.csproj", "{C5B3A089-685B-48BB-9048-D19FE06D4B8D}"
EndProject
Project("{FAE04EC0-301F-11D3-BF4B-00C04F79EFBC}") = "Spike.DataContracts", "Spike.DataContracts\Spike.DataContracts.csproj", "{3890EDF3-D0F6-4EFE-986D-152A40AA5D32}"
EndProject
Global
	GlobalSection(SolutionConfigurationPlatforms) = preSolution
		Debug|Any CPU = Debug|Any CPU
		Release|Any CPU = Release|Any CPU
	EndGlobalSection
	GlobalSection(ProjectConfigurationPlatforms) = postSolution
		{7DC81F8C-D39F-4926-AFDA-BFF6581D0FF3}.Debug|Any CPU.ActiveCfg = Debug|Any CPU
		{7DC81F8C-D39F-4926-AFDA-BFF6581D0FF3}.Debug|Any CPU.Build.0 = Debug|Any CPU
		{7DC81F8C-D39F-4926-AFDA-BFF6581D0FF3}.Release|Any CPU.ActiveCfg = Release|Any CPU
		{7DC81F8C-D39F-4926-AFDA-BFF6581D0FF3}.Release|Any CPU.Build.0 = Release|Any CPU
		{1278497B-78A8-4E79-8D7F-8201A4EF68F3}.Debug|Any CPU.ActiveCfg = Debug|Any CPU
		{1278497B-78A8-4E79-8D7F-8201A4EF68F3}.Debug|Any CPU.Build.0 = Debug|Any CPU
		{1278497B-78A8-4E79-8D7F-8201A4EF68F3}.Release|Any CPU.ActiveCfg = Release|Any CPU
		{1278497B-78A8-4E79-8D7F-8201A4EF68F3}.Release|Any CPU.Build.0 = Release|Any CPU
		{52745C05-9724-4292-99F7-639FB9DACE2F}.Debug|Any CPU.ActiveCfg = Debug|Any CPU
		{52745C05-9724-4292-99F7-639FB9DACE2F}.Debug|Any CPU.Build.0 = Debug|Any CPU
		{52745C05-9724-4292-99F7-639FB9DACE2F}.Release|Any CPU.ActiveCfg = Release|Any CPU
		{52745C05-9724-4292-99F7-639FB9DACE2F}.Release|Any CPU.Build.0 = Release|Any CPU
		{DE8C8D2B-C0EA-471F-91F9-DB25A430586C}.Debug|Any CPU.ActiveCfg = Debug|Any CPU
		{DE8C8D2B-C0EA-471F-91F9-DB25A430586C}.Debug|Any CPU.Build.0 = Debug|Any CPU
		{DE8C8D2B-C0EA-471F-91F9-DB25A430586C}.Release|Any CPU.ActiveCfg = Release|Any CPU
		{DE8C8D2B-C0EA-471F-91F9-DB25A430586C}.Release|Any CPU.Build.0 = Release|Any CPU
		{57610DDB-EA59-405D-8079-8C7D25EA22FD}.Debug|Any CPU.ActiveCfg = Debug|Any CPU
		{57610DDB-EA59-405D-8079-8C7D25EA22FD}.Debug|Any CPU.Build.0 = Debug|Any CPU
		{57610DDB-EA59-405D-8079-8C7D25EA22FD}.Release|Any CPU.ActiveCfg = Release|Any CPU
		{57610DDB-EA59-405D-8079-8C7D25EA22FD}.Release|Any CPU.Build.0 = Release|Any CPU
		{59CA163D-4785-43E0-93A0-DBC71B30655C}.Debug|Any CPU.ActiveCfg = Debug|Any CPU
		{59CA163D-4785-43E0-93A0-DBC71B30655C}.Debug|Any CPU.Build.0 = Debug|Any CPU
		{59CA163D-4785-43E0-93A0-DBC71B30655C}.Release|Any CPU.ActiveCfg = Release|Any CPU
		{59CA163D-4785-43E0-93A0-DBC71B30655C}.Release|Any CPU.Build.0 = Release|Any CPU
		{18B49C34-EAD3-4F06-AB8F-FA75BC74AB7D}.Debug|Any CPU.ActiveCfg = Debug|Any CPU
		{18B49C34-EAD3-4F06-AB8F-FA75BC74AB7D}.Debug|Any CPU.Build.0 = Debug|Any CPU
		{18B49C34-EAD3-4F06-AB8F-FA75BC74AB7D}.Release|Any CPU.ActiveCfg = Release|Any CPU
		{18B49C34-EAD3-4F06-AB8F-FA75BC74AB7D}.Release|Any CPU.Build.0 = Release|Any CPU
		{99F1D1AC-81A8-4297-8F7E-76128C256521}.Debug|Any CPU.ActiveCfg = Debug|Any CPU
		{99F1D1AC-81A8-4297-8F7E-76128C256521}.Debug|Any CPU.Build.0 = Debug|Any CPU
		{99F1D1AC-81A8-4297-8F7E-76128C256521}.Release|Any CPU.ActiveCfg = Release|Any CPU
		{99F1D1AC-81A8-4297-8F7E-76128C256521}.Release|Any CPU.Build.0 = Release|Any CPU
		{C5B3A089-685B-48BB-9048-D19FE06D4B8D}.Debug|Any CPU.ActiveCfg = Debug|Any CPU
		{C5B3A089-685B-48BB-9048-D19FE06D4B8D}.Debug|Any CPU.Build.0 = Debug|Any CPU
		{C5B3A089-685B-48BB-9048-D19FE06D4B8D}.Release|Any CPU.ActiveCfg = Release|Any CPU
		{C5B3A089-685B-48BB-9048-D19FE06D4B8D}.Release|Any CPU.Build.0 = Release|Any CPU
		{3890EDF3-D0F6-4EFE-986D-152A40AA5D32}.Debug|Any CPU.ActiveCfg = Debug|Any CPU
		{3890EDF3-D0F6-4EFE-986D-152A40AA5D32}.Debug|Any CPU.Build.0 = Debug|Any CPU
		{3890EDF3-D0F6-4EFE-986D-152A40AA5D32}.Release|Any CPU.ActiveCfg = Release|Any CPU
		{3890EDF3-D0F6-4EFE-986D-152A40AA5D32}.Release|Any CPU.Build.0 = Release|Any CPU
	EndGlobalSection
	GlobalSection(SolutionProperties) = preSolution
		HideSolutionNode = FALSE
	EndGlobalSection
	GlobalSection(NestedProjects) = preSolution
		{F2599488-4C41-45F0-AC95-EFCDA638E7DB} = {997F3ED6-938E-4CE6-8CDA-F9D8BF76379B}
		{7DC81F8C-D39F-4926-AFDA-BFF6581D0FF3} = {F2599488-4C41-45F0-AC95-EFCDA638E7DB}
		{442F7AAA-1C10-4774-904E-E6CDEEECC055} = {997F3ED6-938E-4CE6-8CDA-F9D8BF76379B}
		{2611BD96-5F1F-49C7-8633-6FDD4D27A519} = {997F3ED6-938E-4CE6-8CDA-F9D8BF76379B}
		{C147EA65-53A4-4B8F-B0CC-612DB2305CEE} = {997F3ED6-938E-4CE6-8CDA-F9D8BF76379B}
		{4B939F83-E256-4EE4-9D37-C4E6A654B5A5} = {997F3ED6-938E-4CE6-8CDA-F9D8BF76379B}
		{1278497B-78A8-4E79-8D7F-8201A4EF68F3} = {442F7AAA-1C10-4774-904E-E6CDEEECC055}
		{52745C05-9724-4292-99F7-639FB9DACE2F} = {2611BD96-5F1F-49C7-8633-6FDD4D27A519}
		{DE8C8D2B-C0EA-471F-91F9-DB25A430586C} = {2611BD96-5F1F-49C7-8633-6FDD4D27A519}
		{57610DDB-EA59-405D-8079-8C7D25EA22FD} = {C147EA65-53A4-4B8F-B0CC-612DB2305CEE}
		{59CA163D-4785-43E0-93A0-DBC71B30655C} = {C147EA65-53A4-4B8F-B0CC-612DB2305CEE}
		{18B49C34-EAD3-4F06-AB8F-FA75BC74AB7D} = {C147EA65-53A4-4B8F-B0CC-612DB2305CEE}
		{99F1D1AC-81A8-4297-8F7E-76128C256521} = {4B939F83-E256-4EE4-9D37-C4E6A654B5A5}
		{C5B3A089-685B-48BB-9048-D19FE06D4B8D} = {442F7AAA-1C10-4774-904E-E6CDEEECC055}
		{3890EDF3-D0F6-4EFE-986D-152A40AA5D32} = {2611BD96-5F1F-49C7-8633-6FDD4D27A519}
	EndGlobalSection
	GlobalSection(ExtensibilityGlobals) = postSolution
		SolutionGuid = {DEE4D6D6-5E81-411D-A04B-526A157F021A}
	EndGlobalSection
EndGlobal
